
Microsoft Visual Studio Solution File, Format Version 12.00
# Visual Studio Version 16
VisualStudioVersion = 16.0.31624.102
MinimumVisualStudioVersion = 10.0.40219.1
Project("{2150E333-8FDC-42A3-9474-1A3956D46DE8}") = "0 -apresentacao", "0 -apresentacao", "{B661814A-E539-4192-BA3E-A6A3F14C7AB2}"
EndProject
Project("{FAE04EC0-301F-11D3-BF4B-00C04F79EFBC}") = "ubervents.WebApp", "ubervents.WebApp\ubervents.WebApp.csproj", "{B79A7000-8132-48FC-B3D8-B8BEBE547636}"
EndProject
Global
	GlobalSection(SolutionConfigurationPlatforms) = preSolution
		Debug|Any CPU = Debug|Any CPU
		Release|Any CPU = Release|Any CPU
	EndGlobalSection
	GlobalSection(ProjectConfigurationPlatforms) = postSolution
		{B79A7000-8132-48FC-B3D8-B8BEBE547636}.Debug|Any CPU.ActiveCfg = Debug|Any CPU
		{B79A7000-8132-48FC-B3D8-B8BEBE547636}.Debug|Any CPU.Build.0 = Debug|Any CPU
		{B79A7000-8132-48FC-B3D8-B8BEBE547636}.Release|Any CPU.ActiveCfg = Release|Any CPU
		{B79A7000-8132-48FC-B3D8-B8BEBE547636}.Release|Any CPU.Build.0 = Release|Any CPU
	EndGlobalSection
	GlobalSection(SolutionProperties) = preSolution
		HideSolutionNode = FALSE
	EndGlobalSection
	GlobalSection(NestedProjects) = preSolution
		{B79A7000-8132-48FC-B3D8-B8BEBE547636} = {B661814A-E539-4192-BA3E-A6A3F14C7AB2}
	EndGlobalSection
	GlobalSection(ExtensibilityGlobals) = postSolution
		SolutionGuid = {BD07E231-CEFA-401E-8D4C-A6432EA6DC13}
	EndGlobalSection
EndGlobal
